
Microsoft Visual Studio Solution File, Format Version 12.00
# Visual Studio Version 17
VisualStudioVersion = 17.9.34728.123
MinimumVisualStudioVersion = 10.0.40219.1
Project("{2150E333-8FDC-42A3-9474-1A3956D46DE8}") = "BookStore.Domain", "BookStore.Domain", "{623B4E0E-4A7B-427B-8178-DA15C81D9148}"
EndProject
Project("{2150E333-8FDC-42A3-9474-1A3956D46DE8}") = "BookStore.Application", "BookStore.Application", "{B23810EA-7877-4260-9009-66ED7150EB83}"
EndProject
Project("{2150E333-8FDC-42A3-9474-1A3956D46DE8}") = "BookStore.Infrastructure", "BookStore.Infrastructure", "{774C19F2-9EAD-4996-A48D-A56D6ADE2E2B}"
EndProject
Project("{2150E333-8FDC-42A3-9474-1A3956D46DE8}") = "BookStore.Api", "BookStore.Api", "{F149788F-2E5B-437B-AFFE-82CBEAC75E4A}"
EndProject
Global
	GlobalSection(SolutionProperties) = preSolution
		HideSolutionNode = FALSE
	EndGlobalSection
	GlobalSection(ExtensibilityGlobals) = postSolution
		SolutionGuid = {110CA130-FC6A-48B6-A0B3-04C242419C45}
	EndGlobalSection
EndGlobal
